
Microsoft Visual Studio Solution File, Format Version 12.00
# Visual Studio Version 16
VisualStudioVersion = 16.0.33328.57
MinimumVisualStudioVersion = 10.0.40219.1
Project("{FAE04EC0-301F-11D3-BF4B-00C04F79EFBC}") = "Assignment3Tests", "Assignment3Tests\Assignment3Tests.csproj", "{0B646AFB-2375-4BBF-BA06-FF2FE3D6307A}"
EndProject
Global
	GlobalSection(SolutionConfigurationPlatforms) = preSolution
		Debug|Any CPU = Debug|Any CPU
		Release|Any CPU = Release|Any CPU
	EndGlobalSection
	GlobalSection(ProjectConfigurationPlatforms) = postSolution
		{0B646AFB-2375-4BBF-BA06-FF2FE3D6307A}.Debug|Any CPU.ActiveCfg = Debug|Any CPU
		{0B646AFB-2375-4BBF-BA06-FF2FE3D6307A}.Debug|Any CPU.Build.0 = Debug|Any CPU
		{0B646AFB-2375-4BBF-BA06-FF2FE3D6307A}.Release|Any CPU.ActiveCfg = Release|Any CPU
		{0B646AFB-2375-4BBF-BA06-FF2FE3D6307A}.Release|Any CPU.Build.0 = Release|Any CPU
	EndGlobalSection
	GlobalSection(SolutionProperties) = preSolution
		HideSolutionNode = FALSE
	EndGlobalSection
	GlobalSection(ExtensibilityGlobals) = postSolution
		SolutionGuid = {FC64EE5F-B0EF-4627-985A-DC6FFF0E1A71}
	EndGlobalSection
EndGlobal
